version = 1
revision = 3
requires-python = "==3.12.*"

[[package]]
name = "asgiref"
version = "3.7.2"
source = { registry = "https://pypi.org/simple" }
sdist = { url = "https://files.pythonhosted.org/packages/12/19/64e38c1c2cbf0da9635b7082bbdf0e89052e93329279f59759c24a10cc96/asgiref-3.7.2.tar.gz", hash = "sha256:9e0ce3aa93a819ba5b45120216b23878cf6e8525eb3848653452b4192b92afed", size = 33393, upload-time = "2023-05-27T17:21:42.12Z" }
wheels = [
    { url = "https://files.pythonhosted.org/packages/9b/80/b9051a4a07ad231558fcd8ffc89232711b4e618c15cb7a392a17384bbeef/asgiref-3.7.2-py3-none-any.whl", hash = "sha256:89b2ef2247e3b562a16eef663bc0e2e703ec6468e2fa8a5cd61cd449786d4f6e", size = 24140, upload-time = "2023-05-27T17:21:40.454Z" },
]

[[package]]
name = "attrs"
version = "23.2.0"
source = { registry = "https://pypi.org/simple" }
sdist = { url = "https://files.pythonhosted.org/packages/e3/fc/f800d51204003fa8ae392c4e8278f256206e7a919b708eef054f5f4b650d/attrs-23.2.0.tar.gz", hash = "sha256:935dc3b529c262f6cf76e50877d35a4bd3c1de194fd41f47a2b7ae8f19971f30", size = 780820, upload-time = "2023-12-31T06:30:32.926Z" }
wheels = [
    { url = "https://files.pythonhosted.org/packages/e0/44/827b2a91a5816512fcaf3cc4ebc465ccd5d598c45cefa6703fcf4a79018f/attrs-23.2.0-py3-none-any.whl", hash = "sha256:99b87a485a5820b23b879f04c2305b44b951b502fd64be915879d77a7e8fc6f1", size = 60752, upload-time = "2023-12-31T06:30:30.772Z" },
]

[[package]]
name = "django"
version = "5.0.2"
source = { registry = "https://pypi.org/simple" }
dependencies = [
    { name = "asgiref" },
    { name = "sqlparse" },
    { name = "tzdata", marker = "sys_platform == 'win32'" },
]
sdist = { url = "https://files.pythonhosted.org/packages/50/98/499a2d11eb0b22fdd55ce5895e0f5ce6d7d4957a785f237a89317cb478fa/Django-5.0.2.tar.gz", hash = "sha256:b5bb1d11b2518a5f91372a282f24662f58f66749666b0a286ab057029f728080", size = 10619702, upload-time = "2024-02-06T14:53:36.824Z" }
wheels = [
    { url = "https://files.pythonhosted.org/packages/50/1b/7536019fd20654919dcd81b475fee1e54f21bd71b2b4e094b2ab075478b2/Django-5.0.2-py3-none-any.whl", hash = "sha256:56ab63a105e8bb06ee67381d7b65fe6774f057e41a8bab06c8020c8882d8ecd4", size = 8182231, upload-time = "2024-02-06T14:53:28.928Z" },
]

[[package]]
name = "django-api"
version = "0.1.0"
source = { virtual = "." }
dependencies = [
    { name = "asgiref" },
    { name = "attrs" },
    { name = "django" },
    { name = "django-environ" },
    { name = "djangorestframework" },
    { name = "drf-spectacular" },
    { name = "faker" },
    { name = "inflection" },
    { name = "jsonschema" },
    { name = "jsonschema-specifications" },
    { name = "python-dateutil" },
    { name = "pytz" },
    { name = "pyyaml" },
    { name = "referencing" },
    { name = "rpds-py" },
    { name = "six" },
    { name = "sqlparse" },
    { name = "tzdata" },
    { name = "uritemplate" },
]

[package.metadata]
requires-dist = [
    { name = "asgiref", specifier = "==3.7.2" },
    { name = "attrs", specifier = "==23.2.0" },
    { name = "django", specifier = "==5.0.2" },
    { name = "django-environ", specifier = "==0.11.2" },
    { name = "djangorestframework", specifier = "==3.14.0" },
    { name = "drf-spectacular", specifier = "==0.27.1" },
    { name = "faker", specifier = "==23.1.0" },
    { name = "inflection", specifier = "==0.5.1" },
    { name = "jsonschema", specifier = "==4.21.1" },
    { name = "jsonschema-specifications", specifier = "==2023.12.1" },
    { name = "python-dateutil", specifier = "==2.8.2" },
    { name = "pytz", specifier = "==2024.1" },
    { name = "pyyaml", specifier = "==6.0.1" },
    { name = "referencing", specifier = "==0.33.0" },
    { name = "rpds-py", specifier = "==0.17.1" },
    { name = "six", specifier = "==1.16.0" },
    { name = "sqlparse", specifier = "==0.4.4" },
    { name = "tzdata", specifier = "==2023.4" },
    { name = "uritemplate", specifier = "==4.1.1" },
]

[[package]]
name = "django-environ"
version = "0.11.2"
source = { registry = "https://pypi.org/simple" }
sdist = { url = "https://files.pythonhosted.org/packages/d6/0b/f2c024529ee4bbf8b95176eebeb86c6e695192a9ce0e91059cb83a33c1d3/django-environ-0.11.2.tar.gz", hash = "sha256:f32a87aa0899894c27d4e1776fa6b477e8164ed7f6b3e410a62a6d72caaf64be", size = 54326, upload-time = "2023-09-01T21:03:02.435Z" }
wheels = [
    { url = "https://files.pythonhosted.org/packages/c4/f1/468b49cccba3b42dda571063a14c668bb0b53a1d5712426d18e36663bd53/django_environ-0.11.2-py2.py3-none-any.whl", hash = "sha256:0ff95ab4344bfeff693836aa978e6840abef2e2f1145adff7735892711590c05", size = 19141, upload-time = "2023-09-01T21:02:59.88Z" },
]

[[package]]
name = "djangorestframework"
version = "3.14.0"
source = { registry = "https://pypi.org/simple" }
dependencies = [
    { name = "django" },
    { name = "pytz" },
]
sdist = { url = "https://files.pythonhosted.org/packages/8e/53/5b2a002c5ebafd60dff1e1945a7d63dee40155830997439a9ba324f0fd50/djangorestframework-3.14.0.tar.gz", hash = "sha256:579a333e6256b09489cbe0a067e66abe55c6595d8926be6b99423786334350c8", size = 1055343, upload-time = "2022-09-22T11:38:44.245Z" }
wheels = [
    { url = "https://files.pythonhosted.org/packages/ff/4b/3b46c0914ba4b7546a758c35fdfa8e7f017fcbe7f23c878239e93623337a/djangorestframework-3.14.0-py3-none-any.whl", hash = "sha256:eb63f58c9f218e1a7d064d17a70751f528ed4e1d35547fdade9aaf4cd103fd08", size = 1062761, upload-time = "2022-09-22T11:38:41.825Z" },
]

[[package]]
name = "drf-spectacular"
version = "0.27.1"
source = { registry = "https://pypi.org/simple" }
dependencies = [
    { name = "django" },
    { name = "djangorestframework" },
    { name = "inflection" },
    { name = "jsonschema" },
    { name = "pyyaml" },
    { name = "uritemplate" },
]
sdist = { url = "https://files.pythonhosted.org/packages/3e/85/f143316a3762bc3c3d99a81d1999aff637bd849326e7cf3eeec762adb23d/drf-spectacular-0.27.1.tar.gz", hash = "sha256:452e0cff3c12ee057b897508a077562967b9e62717992eeec10e62dbbc7b5a33", size = 232871, upload-time = "2024-01-18T19:58:35.284Z" }
wheels = [
    { url = "https://files.pythonhosted.org/packages/4b/13/c2b24ed6757b83c9263fc8d4e563b375d6da22bd54a2d22e8898273a2ef9/drf_spectacular-0.27.1-py3-none-any.whl", hash = "sha256:0a4cada4b7136a0bf17233476c066c511a048bc6a485ae2140326ac7ba4003b2", size = 102073, upload-time = "2024-01-18T19:58:32.629Z" },
]

[[package]]
name = "faker"
version = "23.1.0"
source = { registry = "https://pypi.org/simple" }
dependencies = [
    { name = "python-dateutil" },
]
sdist = { url = "https://files.pythonhosted.org/packages/06/b2/653fdb4110f555e18d78c0da57567a86ee91fda4d56c42a0a8db813b1028/Faker-23.1.0.tar.gz", hash = "sha256:b7f76bb1b2ac4cdc54442d955e36e477c387000f31ce46887fb9722a041be60b", size = 1708228, upload-time = "2024-02-07T14:54:14.76Z" }
wheels = [
    { url = "https://files.pythonhosted.org/packages/cb/f4/0f8391297cdd8fdf15cac9895b844514024bc4d784023419d4ad9d6acf50/Faker-23.1.0-py3-none-any.whl", hash = "sha256:60e89e5c0b584e285a7db05eceba35011a241954afdab2853cb246c8a56700a2", size = 1747144, upload-time = "2024-02-07T14:54:10.364Z" },
]

[[package]]
name = "inflection"
version = "0.5.1"
source = { registry = "https://pypi.org/simple" }
sdist = { url = "https://files.pythonhosted.org/packages/e1/7e/691d061b7329bc8d54edbf0ec22fbfb2afe61facb681f9aaa9bff7a27d04/inflection-0.5.1.tar.gz", hash = "sha256:1a29730d366e996aaacffb2f1f1cb9593dc38e2ddd30c91250c6dde09ea9b417", size = 15091, upload-time = "2020-08-22T08:16:29.139Z" }
wheels = [
    { url = "https://files.pythonhosted.org/packages/59/91/aa6bde563e0085a02a435aa99b49ef75b0a4b062635e606dab23ce18d720/inflection-0.5.1-py2.py3-none-any.whl", hash = "sha256:f38b2b640938a4f35ade69ac3d053042959b62a0f1076a5bbaa1b9526605a8a2", size = 9454, upload-time = "2020-08-22T08:16:27.816Z" },
]

[[package]]
name = "jsonschema"
version = "4.21.1"
source = { registry = "https://pypi.org/simple" }
dependencies = [
    { name = "attrs" },
    { name = "jsonschema-specifications" },
    { name = "referencing" },
    { name = "rpds-py" },
]
sdist = { url = "https://files.pythonhosted.org/packages/4d/c5/3f6165d3df419ea7b0990b3abed4ff348946a826caf0e7c990b65ff7b9be/jsonschema-4.21.1.tar.gz", hash = "sha256:85727c00279f5fa6bedbe6238d2aa6403bedd8b4864ab11207d07df3cc1b2ee5", size = 321491, upload-time = "2024-01-19T21:11:13.923Z" }
wheels = [
    { url = "https://files.pythonhosted.org/packages/39/9d/b035d024c62c85f2e2d4806a59ca7b8520307f34e0932fbc8cc75fe7b2d9/jsonschema-4.21.1-py3-none-any.whl", hash = "sha256:7996507afae316306f9e2290407761157c6f78002dcf7419acb99822143d1c6f", size = 85527, upload-time = "2024-01-19T21:11:12.105Z" },
]

[[package]]
name = "jsonschema-specifications"
version = "2023.12.1"
source = { registry = "https://pypi.org/simple" }
dependencies = [
    { name = "referencing" },
]
sdist = { url = "https://files.pythonhosted.org/packages/f8/b9/cc0cc592e7c195fb8a650c1d5990b10175cf13b4c97465c72ec841de9e4b/jsonschema_specifications-2023.12.1.tar.gz", hash = "sha256:48a76787b3e70f5ed53f1160d2b81f586e4ca6d1548c5de7085d1682674764cc", size = 13983, upload-time = "2023-12-25T15:16:53.63Z" }
wheels = [
    { url = "https://files.pythonhosted.org/packages/ee/07/44bd408781594c4d0a027666ef27fab1e441b109dc3b76b4f836f8fd04fe/jsonschema_specifications-2023.12.1-py3-none-any.whl", hash = "sha256:87e4fdf3a94858b8a2ba2778d9ba57d8a9cafca7c7489c46ba0d30a8bc6a9c3c", size = 18482, upload-time = "2023-12-25T15:16:51.997Z" },
]

[[package]]
name = "python-dateutil"
version = "2.8.2"
source = { registry = "https://pypi.org/simple" }
dependencies = [
    { name = "six" },
]
sdist = { url = "https://files.pythonhosted.org/packages/4c/c4/13b4776ea2d76c115c1d1b84579f3764ee6d57204f6be27119f13a61d0a9/python-dateutil-2.8.2.tar.gz", hash = "sha256:0123cacc1627ae19ddf3c27a5de5bd67ee4586fbdd6440d9748f8abb483d3e86", size = 357324, upload-time = "2021-07-14T08:19:19.783Z" }
wheels = [
    { url = "https://files.pythonhosted.org/packages/36/7a/87837f39d0296e723bb9b62bbb257d0355c7f6128853c78955f57342a56d/python_dateutil-2.8.2-py2.py3-none-any.whl", hash = "sha256:961d03dc3453ebbc59dbdea9e4e11c5651520a876d0f4db161e8674aae935da9", size = 247702, upload-time = "2021-07-14T08:19:18.161Z" },
]

[[package]]
name = "pytz"
version = "2024.1"
source = { registry = "https://pypi.org/simple" }
sdist = { url = "https://files.pythonhosted.org/packages/90/26/9f1f00a5d021fff16dee3de13d43e5e978f3d58928e129c3a62cf7eb9738/pytz-2024.1.tar.gz", hash = "sha256:2a29735ea9c18baf14b448846bde5a48030ed267578472d8955cd0e7443a9812", size = 316214, upload-time = "2024-02-02T01:18:41.693Z" }
wheels = [
    { url = "https://files.pythonhosted.org/packages/9c/3d/a121f284241f08268b21359bd425f7d4825cffc5ac5cd0e1b3d82ffd2b10/pytz-2024.1-py2.py3-none-any.whl", hash = "sha256:328171f4e3623139da4983451950b28e95ac706e13f3f2630a879749e7a8b319", size = 505474, upload-time = "2024-02-02T01:18:37.283Z" },
]

[[package]]
name = "pyyaml"
version = "6.0.1"
source = { registry = "https://pypi.org/simple" }
sdist = { url = "https://files.pythonhosted.org/packages/cd/e5/af35f7ea75cf72f2cd079c95ee16797de7cd71f29ea7c68ae5ce7be1eda0/PyYAML-6.0.1.tar.gz", hash = "sha256:bfdf460b1736c775f2ba9f6a92bca30bc2095067b8a9d77876d1fad6cc3b4a43", size = 125201, upload-time = "2023-07-18T00:00:23.308Z" }
wheels = [
    { url = "https://files.pythonhosted.org/packages/bc/06/1b305bf6aa704343be85444c9d011f626c763abb40c0edc1cad13bfd7f86/PyYAML-6.0.1-cp312-cp312-macosx_10_9_x86_64.whl", hash = "sha256:855fb52b0dc35af121542a76b9a84f8d1cd886ea97c84703eaa6d88e37a2ad28", size = 178692, upload-time = "2023-08-28T18:43:24.924Z" },
    { url = "https://files.pythonhosted.org/packages/84/02/404de95ced348b73dd84f70e15a41843d817ff8c1744516bf78358f2ffd2/PyYAML-6.0.1-cp312-cp312-macosx_11_0_arm64.whl", hash = "sha256:40df9b996c2b73138957fe23a16a4f0ba614f4c0efce1e9406a184b6d07fa3a9", size = 165622, upload-time = "2023-08-28T18:43:26.54Z" },
    { url = "https://files.pythonhosted.org/packages/c7/4c/4a2908632fc980da6d918b9de9c1d9d7d7e70b2672b1ad5166ed27841ef7/PyYAML-6.0.1-cp312-cp312-manylinux_2_17_aarch64.manylinux2014_aarch64.whl", hash = "sha256:a08c6f0fe150303c1c6b71ebcd7213c2858041a7e01975da3a99aed1e7a378ef", size = 696937, upload-time = "2024-01-18T20:40:22.92Z" },
    { url = "https://files.pythonhosted.org/packages/b4/33/720548182ffa8344418126017aa1d4ab4aeec9a2275f04ce3f3573d8ace8/PyYAML-6.0.1-cp312-cp312-manylinux_2_17_x86_64.manylinux2014_x86_64.whl", hash = "sha256:6c22bec3fbe2524cde73d7ada88f6566758a8f7227bfbf93a408a9d86bcc12a0", size = 724969, upload-time = "2023-08-28T18:43:28.56Z" },
    { url = "https://files.pythonhosted.org/packages/4f/78/77b40157b6cb5f2d3d31a3d9b2efd1ba3505371f76730d267e8b32cf4b7f/PyYAML-6.0.1-cp312-cp312-musllinux_1_1_x86_64.whl", hash = "sha256:8d4e9c88387b0f5c7d5f281e55304de64cf7f9c0021a3525bd3b1c542da3b0e4", size = 712604, upload-time = "2023-08-28T18:43:30.206Z" },
    { url = "https://files.pythonhosted.org/packages/2e/97/3e0e089ee85e840f4b15bfa00e4e63d84a3691ababbfea92d6f820ea6f21/PyYAML-6.0.1-cp312-cp312-win32.whl", hash = "sha256:d483d2cdf104e7c9fa60c544d92981f12ad66a457afae824d146093b8c294c54", size = 126098, upload-time = "2023-08-28T18:43:31.835Z" },
    { url = "https://files.pythonhosted.org/packages/2b/9f/fbade56564ad486809c27b322d0f7e6a89c01f6b4fe208402e90d4443a99/PyYAML-6.0.1-cp312-cp312-win_amd64.whl", hash = "sha256:0d3304d8c0adc42be59c5f8a4d9e3d7379e6955ad754aa9d6ab7a398b59dd1df", size = 138675, upload-time = "2023-08-28T18:43:33.613Z" },
]

[[package]]
name = "referencing"
version = "0.33.0"
source = { registry = "https://pypi.org/simple" }
dependencies = [
    { name = "attrs" },
    { name = "rpds-py" },
]
sdist = { url = "https://files.pythonhosted.org/packages/21/c5/b99dd501aa72b30a5a87d488d7aa76ec05bdf0e2c7439bc82deb9448dd9a/referencing-0.33.0.tar.gz", hash = "sha256:c775fedf74bc0f9189c2a3be1c12fd03e8c23f4d371dce795df44e06c5b412f7", size = 55507, upload-time = "2024-01-28T16:09:08.883Z" }
wheels = [
    { url = "https://files.pythonhosted.org/packages/90/10/1c92edb0a0a14b67ff825bc338e74bc49ab27d3f3bae3f9a02838cba546f/referencing-0.33.0-py3-none-any.whl", hash = "sha256:39240f2ecc770258f28b642dd47fd74bc8b02484de54e1882b74b35ebd779bd5", size = 26582, upload-time = "2024-01-28T16:09:06.646Z" },
]

[[package]]
name = "rpds-py"
version = "0.17.1"
source = { registry = "https://pypi.org/simple" }
sdist = { url = "https://files.pythonhosted.org/packages/b7/0a/e3bdcc977e6db3bf32a3f42172f583adfa7c3604091a03d512333e0161fe/rpds_py-0.17.1.tar.gz", hash = "sha256:0210b2668f24c078307260bf88bdac9d6f1093635df5123789bfee4d8d7fc8e7", size = 24945, upload-time = "2024-01-12T19:00:31.452Z" }
wheels = [
    { url = "https://files.pythonhosted.org/packages/e2/53/aa31622ce16dd52dbec5cff38c66e094410d7b6fac6704c0d7c39ef4a940/rpds_py-0.17.1-cp312-cp312-macosx_10_12_x86_64.whl", hash = "sha256:1dc29db3900cb1bb40353772417800f29c3d078dbc8024fd64655a04ee3c4bdf", size = 357288, upload-time = "2024-01-12T18:58:03.784Z" },
    { url = "https://files.pythonhosted.org/packages/ac/fb/df413d319151b272b967de1edcbe5cf94a94c8a6f397ad9685c2ab8237e9/rpds_py-0.17.1-cp312-cp312-macosx_11_0_arm64.whl", hash = "sha256:82ada4a8ed9e82e443fcef87e22a3eed3654dd3adf6e3b3a0deb70f03e86142a", size = 355617, upload-time = "2024-01-12T18:58:05.18Z" },
    { url = "https://files.pythonhosted.org/packages/07/98/a41783e68a2ac040e073b0b461e0a2a11957cc4c81f00e870ba65b5fa61c/rpds_py-0.17.1-cp312-cp312-manylinux_2_17_aarch64.manylinux2014_aarch64.whl", hash = "sha256:1d36b2b59e8cc6e576f8f7b671e32f2ff43153f0ad6d0201250a7c07f25d570e", size = 1183830, upload-time = "2024-01-12T18:58:06.691Z" },
    { url = "https://files.pythonhosted.org/packages/81/b0/74b33b84af9ee49ef4f11f6a2c7aa7713209604b4d7aae259ac153cc19a8/rpds_py-0.17.1-cp312-cp312-manylinux_2_17_armv7l.manylinux2014_armv7l.whl", hash = "sha256:3677fcca7fb728c86a78660c7fb1b07b69b281964673f486ae72860e13f512ad", size = 1201720, upload-time = "2024-01-12T18:58:08.955Z" },
    { url = "https://files.pythonhosted.org/packages/6d/70/770443ab1cf2161fc5b2902fa599f2a6bda870c4f9631322f5e7180b2800/rpds_py-0.17.1-cp312-cp312-manylinux_2_17_ppc64le.manylinux2014_ppc64le.whl", hash = "sha256:516fb8c77805159e97a689e2f1c80655c7658f5af601c34ffdb916605598cda2", size = 1296062, upload-time = "2024-01-12T18:58:11.042Z" },
    { url = "https://files.pythonhosted.org/packages/91/de/ca7978f9e4deb9a9b19469a412857dbf9faa0b9a059167927e76713842ec/rpds_py-0.17.1-cp312-cp312-manylinux_2_17_s390x.manylinux2014_s390x.whl", hash = "sha256:df3b6f45ba4515632c5064e35ca7f31d51d13d1479673185ba8f9fefbbed58b9", size = 1351382, upload-time = "2024-01-12T18:58:12.959Z" },
    { url = "https://files.pythonhosted.org/packages/7a/5a/626831fdfb80d925c652beb6e756dec6df2e92a4ee52bac59b94d2f9d7d4/rpds_py-0.17.1-cp312-cp312-manylinux_2_17_x86_64.manylinux2014_x86_64.whl", hash = "sha256:a967dd6afda7715d911c25a6ba1517975acd8d1092b2f326718725461a3d33f9", size = 1193494, upload-time = "2024-01-12T18:58:15.155Z" },
    { url = "https://files.pythonhosted.org/packages/f4/25/69998601cc3e81f2bd583e107ad0999537f65820693f7e5ce9aabdbfb2fa/rpds_py-0.17.1-cp312-cp312-manylinux_2_5_i686.manylinux1_i686.whl", hash = "sha256:dbbb95e6fc91ea3102505d111b327004d1c4ce98d56a4a02e82cd451f9f57140", size = 1224070, upload-time = "2024-01-12T18:58:17.068Z" },
    { url = "https://files.pythonhosted.org/packages/4b/5d/200e08402ccfd0bbdae89385fc606f496ae9d78a7ce65dbf8d542587f00e/rpds_py-0.17.1-cp312-cp312-musllinux_1_2_aarch64.whl", hash = "sha256:02866e060219514940342a1f84303a1ef7a1dad0ac311792fbbe19b521b489d2", size = 1355999, upload-time = "2024-01-12T18:58:19.333Z" },
    { url = "https://files.pythonhosted.org/packages/4e/7e/f2874d5544f63943551560cdae6beb721d69e037e1031502d6b165b49957/rpds_py-0.17.1-cp312-cp312-musllinux_1_2_i686.whl", hash = "sha256:2528ff96d09f12e638695f3a2e0c609c7b84c6df7c5ae9bfeb9252b6fa686253", size = 1379952, upload-time = "2024-01-12T18:58:20.897Z" },
    { url = "https://files.pythonhosted.org/packages/d5/c8/b625150080495ba5a3850ecac8c087734ea25eae1cd2559f8c345287b39a/rpds_py-0.17.1-cp312-cp312-musllinux_1_2_x86_64.whl", hash = "sha256:bd345a13ce06e94c753dab52f8e71e5252aec1e4f8022d24d56decd31e1b9b23", size = 1362711, upload-time = "2024-01-12T18:58:22.982Z" },
    { url = "https://files.pythonhosted.org/packages/83/28/a525a254242b20a33a7f9c9ac7406981138874f98dc3d7db78fbc77690b1/rpds_py-0.17.1-cp312-none-win32.whl", hash = "sha256:2a792b2e1d3038daa83fa474d559acfd6dc1e3650ee93b2662ddc17dbff20ad1", size = 194734, upload-time = "2024-01-12T18:58:25.133Z" },
    { url = "https://files.pythonhosted.org/packages/df/bf/b464b2dad90fa3528956d0c789b835e4c661ebb917bb487d11ff1eac5c67/rpds_py-0.17.1-cp312-none-win_amd64.whl", hash = "sha256:292f7344a3301802e7c25c53792fae7d1593cb0e50964e7bcdcc5cf533d634e3", size = 205718, upload-time = "2024-01-12T18:58:27.569Z" },
]

[[package]]
name = "six"
version = "1.16.0"
source = { registry = "https://pypi.org/simple" }
sdist = { url = "https://files.pythonhosted.org/packages/71/39/171f1c67cd00715f190ba0b100d606d440a28c93c7714febeca8b79af85e/six-1.16.0.tar.gz", hash = "sha256:1e61c37477a1626458e36f7b1d82aa5c9b094fa4802892072e49de9c60c4c926", size = 34041, upload-time = "2021-05-05T14:18:18.379Z" }
wheels = [
    { url = "https://files.pythonhosted.org/packages/d9/5a/e7c31adbe875f2abbb91bd84cf2dc52d792b5a01506781dbcf25c91daf11/six-1.16.0-py2.py3-none-any.whl", hash = "sha256:8abb2f1d86890a2dfb989f9a77cfcfd3e47c2a354b01111771326f8aa26e0254", size = 11053, upload-time = "2021-05-05T14:18:17.237Z" },
]

[[package]]
name = "sqlparse"
version = "0.4.4"
source = { registry = "https://pypi.org/simple" }
sdist = { url = "https://files.pythonhosted.org/packages/65/16/10f170ec641ed852611b6c9441b23d10b5702ab5288371feab3d36de2574/sqlparse-0.4.4.tar.gz", hash = "sha256:d446183e84b8349fa3061f0fe7f06ca94ba65b426946ffebe6e3e8295332420c", size = 72383, upload-time = "2023-04-18T08:30:41.994Z" }
wheels = [
    { url = "https://files.pythonhosted.org/packages/98/5a/66d7c9305baa9f11857f247d4ba761402cea75db6058ff850ed7128957b7/sqlparse-0.4.4-py3-none-any.whl", hash = "sha256:5430a4fe2ac7d0f93e66f1efc6e1338a41884b7ddf2a350cedd20ccc4d9d28f3", size = 41183, upload-time = "2023-04-18T08:30:36.96Z" },
]

[[package]]
name = "tzdata"
version = "2023.4"
source = { registry = "https://pypi.org/simple" }
sdist = { url = "https://files.pythonhosted.org/packages/4d/60/acd18ca928cc20eace3497b616b6adb8ce1abc810dd4b1a22bc6bdefac92/tzdata-2023.4.tar.gz", hash = "sha256:dd54c94f294765522c77399649b4fefd95522479a664a0cec87f41bebc6148c9", size = 191298, upload-time = "2023-12-29T15:52:43.367Z" }
wheels = [
    { url = "https://files.pythonhosted.org/packages/a3/fb/52b62131e21b24ee297e4e95ed41eba29647dad0e0051a92bb66b43c70ff/tzdata-2023.4-py2.py3-none-any.whl", hash = "sha256:aa3ace4329eeacda5b7beb7ea08ece826c28d761cda36e747cfbf97996d39bf3", size = 346564, upload-time = "2023-12-29T15:52:41.287Z" },
]

[[package]]
name = "uritemplate"
version = "4.1.1"
source = { registry = "https://pypi.org/simple" }
sdist = { url = "https://files.pythonhosted.org/packages/d2/5a/4742fdba39cd02a56226815abfa72fe0aa81c33bed16ed045647d6000eba/uritemplate-4.1.1.tar.gz", hash = "sha256:4346edfc5c3b79f694bccd6d6099a322bbeb628dbf2cd86eea55a456ce5124f0", size = 273898, upload-time = "2021-10-13T11:15:14.84Z" }
wheels = [
    { url = "https://files.pythonhosted.org/packages/81/c0/7461b49cd25aeece13766f02ee576d1db528f1c37ce69aee300e075b485b/uritemplate-4.1.1-py2.py3-none-any.whl", hash = "sha256:830c08b8d99bdd312ea4ead05994a38e8936266f84b9a7878232db50b044e02e", size = 10356, upload-time = "2021-10-13T11:15:12.316Z" },
]
